
Microsoft Visual Studio Solution File, Format Version 12.00
# Visual Studio Version 17
VisualStudioVersion = 17.14.36623.8
MinimumVisualStudioVersion = 10.0.40219.1
Project("{2150E333-8FDC-42A3-9474-1A3956D46DE8}") = "src", "src", "{827E0CD3-B72D-47B6-A68D-7590B98EB39B}"
EndProject
Project("{FAE04EC0-301F-11D3-BF4B-00C04F79EFBC}") = "Core", "src\Core\Core.csproj", "{85910EAD-B5A8-46E3-B247-7075B106326A}"
EndProject
Project("{FAE04EC0-301F-11D3-BF4B-00C04F79EFBC}") = "Infrastructure", "src\Infrastructure\Infrastructure.csproj", "{E71FB9A0-380E-4113-97EC-CBC96C730F96}"
	ProjectSection(ProjectDependencies) = postProject
		{85910EAD-B5A8-46E3-B247-7075B106326A} = {85910EAD-B5A8-46E3-B247-7075B106326A}
	EndProjectSection
EndProject
Project("{FAE04EC0-301F-11D3-BF4B-00C04F79EFBC}") = "Presentation", "src\Presentation\Presentation.csproj", "{0258FF99-571E-44AE-AE37-6AFAACF04475}"
EndProject
Global
	GlobalSection(SolutionConfigurationPlatforms) = preSolution
		Debug|Any CPU = Debug|Any CPU
		Debug|x64 = Debug|x64
		Debug|x86 = Debug|x86
		Release|Any CPU = Release|Any CPU
		Release|x64 = Release|x64
		Release|x86 = Release|x86
	EndGlobalSection
	GlobalSection(ProjectConfigurationPlatforms) = postSolution
		{85910EAD-B5A8-46E3-B247-7075B106326A}.Debug|Any CPU.ActiveCfg = Debug|Any CPU
		{85910EAD-B5A8-46E3-B247-7075B106326A}.Debug|Any CPU.Build.0 = Debug|Any CPU
		{85910EAD-B5A8-46E3-B247-7075B106326A}.Debug|x64.ActiveCfg = Debug|Any CPU
		{85910EAD-B5A8-46E3-B247-7075B106326A}.Debug|x64.Build.0 = Debug|Any CPU
		{85910EAD-B5A8-46E3-B247-7075B106326A}.Debug|x86.ActiveCfg = Debug|Any CPU
		{85910EAD-B5A8-46E3-B247-7075B106326A}.Debug|x86.Build.0 = Debug|Any CPU
		{85910EAD-B5A8-46E3-B247-7075B106326A}.Release|Any CPU.ActiveCfg = Release|Any CPU
		{85910EAD-B5A8-46E3-B247-7075B106326A}.Release|Any CPU.Build.0 = Release|Any CPU
		{85910EAD-B5A8-46E3-B247-7075B106326A}.Release|x64.ActiveCfg = Release|Any CPU
		{85910EAD-B5A8-46E3-B247-7075B106326A}.Release|x64.Build.0 = Release|Any CPU
		{85910EAD-B5A8-46E3-B247-7075B106326A}.Release|x86.ActiveCfg = Release|Any CPU
		{85910EAD-B5A8-46E3-B247-7075B106326A}.Release|x86.Build.0 = Release|Any CPU
		{E71FB9A0-380E-4113-97EC-CBC96C730F96}.Debug|Any CPU.ActiveCfg = Debug|Any CPU
		{E71FB9A0-380E-4113-97EC-CBC96C730F96}.Debug|Any CPU.Build.0 = Debug|Any CPU
		{E71FB9A0-380E-4113-97EC-CBC96C730F96}.Debug|x64.ActiveCfg = Debug|Any CPU
		{E71FB9A0-380E-4113-97EC-CBC96C730F96}.Debug|x64.Build.0 = Debug|Any CPU
		{E71FB9A0-380E-4113-97EC-CBC96C730F96}.Debug|x86.ActiveCfg = Debug|Any CPU
		{E71FB9A0-380E-4113-97EC-CBC96C730F96}.Debug|x86.Build.0 = Debug|Any CPU
		{E71FB9A0-380E-4113-97EC-CBC96C730F96}.Release|Any CPU.ActiveCfg = Release|Any CPU
		{E71FB9A0-380E-4113-97EC-CBC96C730F96}.Release|Any CPU.Build.0 = Release|Any CPU
		{E71FB9A0-380E-4113-97EC-CBC96C730F96}.Release|x64.ActiveCfg = Release|Any CPU
		{E71FB9A0-380E-4113-97EC-CBC96C730F96}.Release|x64.Build.0 = Release|Any CPU
		{E71FB9A0-380E-4113-97EC-CBC96C730F96}.Release|x86.ActiveCfg = Release|Any CPU
		{E71FB9A0-380E-4113-97EC-CBC96C730F96}.Release|x86.Build.0 = Release|Any CPU
		{0258FF99-571E-44AE-AE37-6AFAACF04475}.Debug|Any CPU.ActiveCfg = Debug|Any CPU
		{0258FF99-571E-44AE-AE37-6AFAACF04475}.Debug|Any CPU.Build.0 = Debug|Any CPU
		{0258FF99-571E-44AE-AE37-6AFAACF04475}.Debug|x64.ActiveCfg = Debug|Any CPU
		{0258FF99-571E-44AE-AE37-6AFAACF04475}.Debug|x64.Build.0 = Debug|Any CPU
		{0258FF99-571E-44AE-AE37-6AFAACF04475}.Debug|x86.ActiveCfg = Debug|Any CPU
		{0258FF99-571E-44AE-AE37-6AFAACF04475}.Debug|x86.Build.0 = Debug|Any CPU
		{0258FF99-571E-44AE-AE37-6AFAACF04475}.Release|Any CPU.ActiveCfg = Release|Any CPU
		{0258FF99-571E-44AE-AE37-6AFAACF04475}.Release|Any CPU.Build.0 = Release|Any CPU
		{0258FF99-571E-44AE-AE37-6AFAACF04475}.Release|x64.ActiveCfg = Release|Any CPU
		{0258FF99-571E-44AE-AE37-6AFAACF04475}.Release|x64.Build.0 = Release|Any CPU
		{0258FF99-571E-44AE-AE37-6AFAACF04475}.Release|x86.ActiveCfg = Release|Any CPU
		{0258FF99-571E-44AE-AE37-6AFAACF04475}.Release|x86.Build.0 = Release|Any CPU
	EndGlobalSection
	GlobalSection(SolutionProperties) = preSolution
		HideSolutionNode = FALSE
	EndGlobalSection
	GlobalSection(NestedProjects) = preSolution
		{85910EAD-B5A8-46E3-B247-7075B106326A} = {827E0CD3-B72D-47B6-A68D-7590B98EB39B}
		{E71FB9A0-380E-4113-97EC-CBC96C730F96} = {827E0CD3-B72D-47B6-A68D-7590B98EB39B}
		{0258FF99-571E-44AE-AE37-6AFAACF04475} = {827E0CD3-B72D-47B6-A68D-7590B98EB39B}
	EndGlobalSection
	GlobalSection(ExtensibilityGlobals) = postSolution
		SolutionGuid = {20E0F3AE-2DE7-443D-8AB1-9C74C289D2CD}
	EndGlobalSection
EndGlobal
